
Microsoft Visual Studio Solution File, Format Version 12.00
# Visual Studio 2012
Project("{FAE04EC0-301F-11D3-BF4B-00C04F79EFBC}") = "TestAppXamarin1", "TestAppXamarin1\TestAppXamarin1.csproj", "{76B3C7FC-4582-4286-8DB7-BA300B121C29}"
EndProject
Project("{FAE04EC0-301F-11D3-BF4B-00C04F79EFBC}") = "TestAppXamarin1.iOS", "iOS\TestAppXamarin1.iOS.csproj", "{64CAA655-D13F-4FEB-85C1-4F3C9817AD3B}"
EndProject
Project("{FAE04EC0-301F-11D3-BF4B-00C04F79EFBC}") = "TestAppXamarin1.Droid", "Droid\TestAppXamarin1.Droid.csproj", "{DF57D5EA-C530-497F-892B-0B1CCC76625C}"
EndProject
Global
	GlobalSection(SolutionConfigurationPlatforms) = preSolution
		Debug|Any CPU = Debug|Any CPU
		Release|Any CPU = Release|Any CPU
		Debug|iPhoneSimulator = Debug|iPhoneSimulator
		Release|iPhone = Release|iPhone
		Release|iPhoneSimulator = Release|iPhoneSimulator
		Debug|iPhone = Debug|iPhone
	EndGlobalSection
	GlobalSection(ProjectConfigurationPlatforms) = postSolution
		{76B3C7FC-4582-4286-8DB7-BA300B121C29}.Debug|Any CPU.ActiveCfg = Debug|Any CPU
		{76B3C7FC-4582-4286-8DB7-BA300B121C29}.Debug|Any CPU.Build.0 = Debug|Any CPU
		{76B3C7FC-4582-4286-8DB7-BA300B121C29}.Release|Any CPU.ActiveCfg = Release|Any CPU
		{76B3C7FC-4582-4286-8DB7-BA300B121C29}.Release|Any CPU.Build.0 = Release|Any CPU
		{76B3C7FC-4582-4286-8DB7-BA300B121C29}.Debug|iPhoneSimulator.ActiveCfg = Debug|Any CPU
		{76B3C7FC-4582-4286-8DB7-BA300B121C29}.Debug|iPhoneSimulator.Build.0 = Debug|Any CPU
		{76B3C7FC-4582-4286-8DB7-BA300B121C29}.Release|iPhone.ActiveCfg = Release|Any CPU
		{76B3C7FC-4582-4286-8DB7-BA300B121C29}.Release|iPhone.Build.0 = Release|Any CPU
		{76B3C7FC-4582-4286-8DB7-BA300B121C29}.Release|iPhoneSimulator.ActiveCfg = Release|Any CPU
		{76B3C7FC-4582-4286-8DB7-BA300B121C29}.Release|iPhoneSimulator.Build.0 = Release|Any CPU
		{76B3C7FC-4582-4286-8DB7-BA300B121C29}.Debug|iPhone.ActiveCfg = Debug|Any CPU
		{76B3C7FC-4582-4286-8DB7-BA300B121C29}.Debug|iPhone.Build.0 = Debug|Any CPU
		{64CAA655-D13F-4FEB-85C1-4F3C9817AD3B}.Debug|Any CPU.ActiveCfg = Debug|iPhoneSimulator
		{64CAA655-D13F-4FEB-85C1-4F3C9817AD3B}.Debug|Any CPU.Build.0 = Debug|iPhoneSimulator
		{64CAA655-D13F-4FEB-85C1-4F3C9817AD3B}.Release|Any CPU.ActiveCfg = Release|iPhone
		{64CAA655-D13F-4FEB-85C1-4F3C9817AD3B}.Release|Any CPU.Build.0 = Release|iPhone
		{64CAA655-D13F-4FEB-85C1-4F3C9817AD3B}.Debug|iPhoneSimulator.ActiveCfg = Debug|iPhoneSimulator
		{64CAA655-D13F-4FEB-85C1-4F3C9817AD3B}.Debug|iPhoneSimulator.Build.0 = Debug|iPhoneSimulator
		{64CAA655-D13F-4FEB-85C1-4F3C9817AD3B}.Release|iPhone.ActiveCfg = Release|iPhone
		{64CAA655-D13F-4FEB-85C1-4F3C9817AD3B}.Release|iPhone.Build.0 = Release|iPhone
		{64CAA655-D13F-4FEB-85C1-4F3C9817AD3B}.Release|iPhoneSimulator.ActiveCfg = Release|iPhoneSimulator
		{64CAA655-D13F-4FEB-85C1-4F3C9817AD3B}.Release|iPhoneSimulator.Build.0 = Release|iPhoneSimulator
		{64CAA655-D13F-4FEB-85C1-4F3C9817AD3B}.Debug|iPhone.ActiveCfg = Debug|iPhone
		{64CAA655-D13F-4FEB-85C1-4F3C9817AD3B}.Debug|iPhone.Build.0 = Debug|iPhone
		{DF57D5EA-C530-497F-892B-0B1CCC76625C}.Debug|Any CPU.ActiveCfg = Debug|Any CPU
		{DF57D5EA-C530-497F-892B-0B1CCC76625C}.Debug|Any CPU.Build.0 = Debug|Any CPU
		{DF57D5EA-C530-497F-892B-0B1CCC76625C}.Release|Any CPU.ActiveCfg = Release|Any CPU
		{DF57D5EA-C530-497F-892B-0B1CCC76625C}.Release|Any CPU.Build.0 = Release|Any CPU
		{DF57D5EA-C530-497F-892B-0B1CCC76625C}.Debug|iPhoneSimulator.ActiveCfg = Debug|Any CPU
		{DF57D5EA-C530-497F-892B-0B1CCC76625C}.Debug|iPhoneSimulator.Build.0 = Debug|Any CPU
		{DF57D5EA-C530-497F-892B-0B1CCC76625C}.Release|iPhone.ActiveCfg = Release|Any CPU
		{DF57D5EA-C530-497F-892B-0B1CCC76625C}.Release|iPhone.Build.0 = Release|Any CPU
		{DF57D5EA-C530-497F-892B-0B1CCC76625C}.Release|iPhoneSimulator.ActiveCfg = Release|Any CPU
		{DF57D5EA-C530-497F-892B-0B1CCC76625C}.Release|iPhoneSimulator.Build.0 = Release|Any CPU
		{DF57D5EA-C530-497F-892B-0B1CCC76625C}.Debug|iPhone.ActiveCfg = Debug|Any CPU
		{DF57D5EA-C530-497F-892B-0B1CCC76625C}.Debug|iPhone.Build.0 = Debug|Any CPU
	EndGlobalSection
EndGlobal
